{
  "name": "stock-intraday-trading-skill",
  "lockfileVersion": 3,
  "requires": true,
  "packages": {
    "": {
      "name": "stock-intraday-trading-skill",
      "dependencies": {
        "stock-api": "2.7.2"
      }
    },
    "node_modules/stock-api": {
      "version": "2.7.2",
      "resolved": "https://mirrors.huaweicloud.com/repository/npm/stock-api/-/stock-api-2.7.2.tgz",
      "integrity": "sha512-5JGp7TUioYEtB4LWVLzaIPHQ+6QE6tHhEzdcQGUgzeMxPS/52yTmn6HRZ7iN8rHeEWEuVDvfG4E/Ge8M7+Iatg==",
      "license": "MIT",
      "bin": {
        "stock-api": "dist/cli.js"
      },
      "engines": {
        "node": ">=18"
      }
    }
  }
}
